
Microsoft Visual Studio Solution File, Format Version 12.00
# Visual Studio Version 16
VisualStudioVersion = 16.0.30011.22
MinimumVisualStudioVersion = 10.0.40219.1
Project("{FAE04EC0-301F-11D3-BF4B-00C04F79EFBC}") = "FreeCapacities", "FreeCapacities\FreeCapacities.csproj", "{EA45D140-61E2-4232-9938-DB92A1A9191B}"
EndProject
Global
	GlobalSection(SolutionConfigurationPlatforms) = preSolution
		Debug|Any CPU = Debug|Any CPU
		Release|Any CPU = Release|Any CPU
	EndGlobalSection
	GlobalSection(ProjectConfigurationPlatforms) = postSolution
		{EA45D140-61E2-4232-9938-DB92A1A9191B}.Debug|Any CPU.ActiveCfg = Debug|Any CPU
		{EA45D140-61E2-4232-9938-DB92A1A9191B}.Debug|Any CPU.Build.0 = Debug|Any CPU
		{EA45D140-61E2-4232-9938-DB92A1A9191B}.Release|Any CPU.ActiveCfg = Release|Any CPU
		{EA45D140-61E2-4232-9938-DB92A1A9191B}.Release|Any CPU.Build.0 = Release|Any CPU
	EndGlobalSection
	GlobalSection(SolutionProperties) = preSolution
		HideSolutionNode = FALSE
	EndGlobalSection
	GlobalSection(ExtensibilityGlobals) = postSolution
		SolutionGuid = {DA712384-4311-4BFA-89DE-58441BEC7EA2}
	EndGlobalSection
EndGlobal
